
Microsoft Visual Studio Solution File, Format Version 12.00
# Visual Studio Version 16
VisualStudioVersion = 16.0.31729.503
MinimumVisualStudioVersion = 10.0.40219.1
Project("{9A19103F-16F7-4668-BE54-9A1E7A4F7556}") = "Contracts", "Src\Contracts\Contracts.csproj", "{700610A0-6803-4168-ADF6-ECF1533BDCCE}"
EndProject
Project("{2150E333-8FDC-42A3-9474-1A3956D46DE8}") = "Solution Items", "Solution Items", "{26EA45ED-2BA7-46DA-8DBF-3333FE22F7F9}"
	ProjectSection(SolutionItems) = preProject
		.editorconfig = .editorconfig
		stylecop.json = stylecop.json
	EndProjectSection
EndProject
Project("{FAE04EC0-301F-11D3-BF4B-00C04F79EFBC}") = "DataAccess", "Src\DataAccess\DataAccess.csproj", "{C780A468-4344-4414-82A0-E150F5469AAB}"
EndProject
Project("{FAE04EC0-301F-11D3-BF4B-00C04F79EFBC}") = "Main", "Src\Main\Main.csproj", "{0D970A7B-026D-43D1-8695-0F42D55318D3}"
EndProject
Project("{FAE04EC0-301F-11D3-BF4B-00C04F79EFBC}") = "Api", "Src\Api\Api.csproj", "{8F4823D2-B898-4A7B-A102-7D5A25746FBA}"
EndProject
Project("{2150E333-8FDC-42A3-9474-1A3956D46DE8}") = "Business", "Business", "{77BEDA48-03B0-4074-B862-2FFF4B64DCC9}"
EndProject
Project("{2150E333-8FDC-42A3-9474-1A3956D46DE8}") = "Public", "Public", "{B32D3C93-D3EF-4176-8259-EA186D03069D}"
EndProject
Project("{2150E333-8FDC-42A3-9474-1A3956D46DE8}") = "Tests", "Tests", "{5BD57B9C-FB3A-414C-A302-4CB435B0F421}"
EndProject
Project("{FAE04EC0-301F-11D3-BF4B-00C04F79EFBC}") = "Main.Tests", "Src\Main.Tests\Main.Tests.csproj", "{DDF91557-6613-4FA5-B9FE-93A3D6D15E8B}"
EndProject
Project("{FAE04EC0-301F-11D3-BF4B-00C04F79EFBC}") = "Api.Tests", "Src\Api.Tests\Api.Tests.csproj", "{5037F3AD-7A1B-4A99-9AA0-3201325099A2}"
EndProject
Global
	GlobalSection(SolutionConfigurationPlatforms) = preSolution
		Debug|Any CPU = Debug|Any CPU
		Release|Any CPU = Release|Any CPU
	EndGlobalSection
	GlobalSection(ProjectConfigurationPlatforms) = postSolution
		{700610A0-6803-4168-ADF6-ECF1533BDCCE}.Debug|Any CPU.ActiveCfg = Debug|Any CPU
		{700610A0-6803-4168-ADF6-ECF1533BDCCE}.Debug|Any CPU.Build.0 = Debug|Any CPU
		{700610A0-6803-4168-ADF6-ECF1533BDCCE}.Release|Any CPU.ActiveCfg = Release|Any CPU
		{700610A0-6803-4168-ADF6-ECF1533BDCCE}.Release|Any CPU.Build.0 = Release|Any CPU
		{C780A468-4344-4414-82A0-E150F5469AAB}.Debug|Any CPU.ActiveCfg = Debug|Any CPU
		{C780A468-4344-4414-82A0-E150F5469AAB}.Debug|Any CPU.Build.0 = Debug|Any CPU
		{C780A468-4344-4414-82A0-E150F5469AAB}.Release|Any CPU.ActiveCfg = Release|Any CPU
		{C780A468-4344-4414-82A0-E150F5469AAB}.Release|Any CPU.Build.0 = Release|Any CPU
		{0D970A7B-026D-43D1-8695-0F42D55318D3}.Debug|Any CPU.ActiveCfg = Debug|Any CPU
		{0D970A7B-026D-43D1-8695-0F42D55318D3}.Debug|Any CPU.Build.0 = Debug|Any CPU
		{0D970A7B-026D-43D1-8695-0F42D55318D3}.Release|Any CPU.ActiveCfg = Release|Any CPU
		{0D970A7B-026D-43D1-8695-0F42D55318D3}.Release|Any CPU.Build.0 = Release|Any CPU
		{8F4823D2-B898-4A7B-A102-7D5A25746FBA}.Debug|Any CPU.ActiveCfg = Debug|Any CPU
		{8F4823D2-B898-4A7B-A102-7D5A25746FBA}.Debug|Any CPU.Build.0 = Debug|Any CPU
		{8F4823D2-B898-4A7B-A102-7D5A25746FBA}.Release|Any CPU.ActiveCfg = Release|Any CPU
		{8F4823D2-B898-4A7B-A102-7D5A25746FBA}.Release|Any CPU.Build.0 = Release|Any CPU
		{DDF91557-6613-4FA5-B9FE-93A3D6D15E8B}.Debug|Any CPU.ActiveCfg = Debug|Any CPU
		{DDF91557-6613-4FA5-B9FE-93A3D6D15E8B}.Debug|Any CPU.Build.0 = Debug|Any CPU
		{DDF91557-6613-4FA5-B9FE-93A3D6D15E8B}.Release|Any CPU.ActiveCfg = Release|Any CPU
		{DDF91557-6613-4FA5-B9FE-93A3D6D15E8B}.Release|Any CPU.Build.0 = Release|Any CPU
		{5037F3AD-7A1B-4A99-9AA0-3201325099A2}.Debug|Any CPU.ActiveCfg = Debug|Any CPU
		{5037F3AD-7A1B-4A99-9AA0-3201325099A2}.Debug|Any CPU.Build.0 = Debug|Any CPU
		{5037F3AD-7A1B-4A99-9AA0-3201325099A2}.Release|Any CPU.ActiveCfg = Release|Any CPU
		{5037F3AD-7A1B-4A99-9AA0-3201325099A2}.Release|Any CPU.Build.0 = Release|Any CPU
	EndGlobalSection
	GlobalSection(SolutionProperties) = preSolution
		HideSolutionNode = FALSE
	EndGlobalSection
	GlobalSection(NestedProjects) = preSolution
		{700610A0-6803-4168-ADF6-ECF1533BDCCE} = {77BEDA48-03B0-4074-B862-2FFF4B64DCC9}
		{C780A468-4344-4414-82A0-E150F5469AAB} = {77BEDA48-03B0-4074-B862-2FFF4B64DCC9}
		{0D970A7B-026D-43D1-8695-0F42D55318D3} = {77BEDA48-03B0-4074-B862-2FFF4B64DCC9}
		{8F4823D2-B898-4A7B-A102-7D5A25746FBA} = {B32D3C93-D3EF-4176-8259-EA186D03069D}
		{DDF91557-6613-4FA5-B9FE-93A3D6D15E8B} = {5BD57B9C-FB3A-414C-A302-4CB435B0F421}
		{5037F3AD-7A1B-4A99-9AA0-3201325099A2} = {5BD57B9C-FB3A-414C-A302-4CB435B0F421}
	EndGlobalSection
	GlobalSection(ExtensibilityGlobals) = postSolution
		SolutionGuid = {62A0804A-CBF4-4340-91C9-FE396631DE19}
	EndGlobalSection
EndGlobal
